
Microsoft Visual Studio Solution File, Format Version 12.00
# Visual Studio 15
VisualStudioVersion = 15.0.28010.2036
MinimumVisualStudioVersion = 10.0.40219.1
Project("{FAE04EC0-301F-11D3-BF4B-00C04F79EFBC}") = "ATMExercise", "ATMExercise\ATMExercise.csproj", "{B4A66C03-ED2E-4BD8-A482-E92DC7F58096}"
EndProject
Project("{FAE04EC0-301F-11D3-BF4B-00C04F79EFBC}") = "UnitTestATMExercise", "UnitTestATMExercise\UnitTestATMExercise.csproj", "{F6E1FBF0-6B57-44D6-955F-814FF094834D}"
EndProject
Global
	GlobalSection(SolutionConfigurationPlatforms) = preSolution
		Debug|Any CPU = Debug|Any CPU
		Release|Any CPU = Release|Any CPU
	EndGlobalSection
	GlobalSection(ProjectConfigurationPlatforms) = postSolution
		{B4A66C03-ED2E-4BD8-A482-E92DC7F58096}.Debug|Any CPU.ActiveCfg = Debug|Any CPU
		{B4A66C03-ED2E-4BD8-A482-E92DC7F58096}.Debug|Any CPU.Build.0 = Debug|Any CPU
		{B4A66C03-ED2E-4BD8-A482-E92DC7F58096}.Release|Any CPU.ActiveCfg = Release|Any CPU
		{B4A66C03-ED2E-4BD8-A482-E92DC7F58096}.Release|Any CPU.Build.0 = Release|Any CPU
		{F6E1FBF0-6B57-44D6-955F-814FF094834D}.Debug|Any CPU.ActiveCfg = Debug|Any CPU
		{F6E1FBF0-6B57-44D6-955F-814FF094834D}.Debug|Any CPU.Build.0 = Debug|Any CPU
		{F6E1FBF0-6B57-44D6-955F-814FF094834D}.Release|Any CPU.ActiveCfg = Release|Any CPU
		{F6E1FBF0-6B57-44D6-955F-814FF094834D}.Release|Any CPU.Build.0 = Release|Any CPU
	EndGlobalSection
	GlobalSection(SolutionProperties) = preSolution
		HideSolutionNode = FALSE
	EndGlobalSection
	GlobalSection(ExtensibilityGlobals) = postSolution
		SolutionGuid = {8B1B576A-A1AC-487F-90FF-716B2EF675F8}
	EndGlobalSection
EndGlobal
